# This file is automatically @generated by Cargo.
# It is not intended for manual editing.
version = 3

[[package]]
name = "ansi_term"
version = "0.12.1"
source = "registry+https://github.com/rust-lang/crates.io-index"
checksum = "d52a9bb7ec0cf484c551830a7ce27bd20d67eac647e1befb56b0be4ee39a55d2"
dependencies = [
 "winapi",
]

[[package]]
name = "aoc"
version = "0.1.0"
dependencies = [
 "ansi_term",
 "aoc_derive",
 "common_macros",
 "derive-new",
 "macro_rules_attribute",
 "once_cell",
 "paste",
 "pretty_assertions",
]

[[package]]
name = "aoc_derive"
version = "0.1.0"
dependencies = [
 "proc-macro2",
 "quote",
 "syn",
]

[[package]]
name = "common_macros"
version = "0.1.1"
source = "registry+https://github.com/rust-lang/crates.io-index"
checksum = "f3f6d59c71e7dc3af60f0af9db32364d96a16e9310f3f5db2b55ed642162dd35"

[[package]]
name = "derive-new"
version = "0.5.9"
source = "registry+https://github.com/rust-lang/crates.io-index"
checksum = "3418329ca0ad70234b9735dc4ceed10af4df60eff9c8e7b06cb5e520d92c3535"
dependencies = [
 "proc-macro2",
 "quote",
 "syn",
]

[[package]]
name = "diff"
version = "0.1.13"
source = "registry+https://github.com/rust-lang/crates.io-index"
checksum = "56254986775e3233ffa9c4d7d3faaf6d36a2c09d30b20687e9f88bc8bafc16c8"

[[package]]
name = "macro_rules_attribute"
version = "0.2.0"
source = "registry+https://github.com/rust-lang/crates.io-index"
checksum = "8a82271f7bc033d84bbca59a3ce3e4159938cb08a9c3aebbe54d215131518a13"
dependencies = [
 "macro_rules_attribute-proc_macro",
 "paste",
]

[[package]]
name = "macro_rules_attribute-proc_macro"
version = "0.2.0"
source = "registry+https://github.com/rust-lang/crates.io-index"
checksum = "b8dd856d451cc0da70e2ef2ce95a18e39a93b7558bedf10201ad28503f918568"

[[package]]
name = "once_cell"
version = "1.18.0"
source = "registry+https://github.com/rust-lang/crates.io-index"
checksum = "dd8b5dd2ae5ed71462c540258bedcb51965123ad7e7ccf4b9a8cafaa4a63576d"

[[package]]
name = "paste"
version = "1.0.14"
source = "registry+https://github.com/rust-lang/crates.io-index"
checksum = "de3145af08024dea9fa9914f381a17b8fc6034dfb00f3a84013f7ff43f29ed4c"

[[package]]
name = "pretty_assertions"
version = "1.4.0"
source = "registry+https://github.com/rust-lang/crates.io-index"
checksum = "af7cee1a6c8a5b9208b3cb1061f10c0cb689087b3d8ce85fb9d2dd7a29b6ba66"
dependencies = [
 "diff",
 "yansi",
]

[[package]]
name = "proc-macro2"
version = "1.0.70"
source = "registry+https://github.com/rust-lang/crates.io-index"
checksum = "39278fbbf5fb4f646ce651690877f89d1c5811a3d4acb27700c1cb3cdb78fd3b"
dependencies = [
 "unicode-ident",
]

[[package]]
name = "quote"
version = "1.0.33"
source = "registry+https://github.com/rust-lang/crates.io-index"
checksum = "5267fca4496028628a95160fc423a33e8b2e6af8a5302579e322e4b520293cae"
dependencies = [
 "proc-macro2",
]

[[package]]
name = "syn"
version = "1.0.109"
source = "registry+https://github.com/rust-lang/crates.io-index"
checksum = "72b64191b275b66ffe2469e8af2c1cfe3bafa67b529ead792a6d0160888b4237"
dependencies = [
 "proc-macro2",
 "quote",
 "unicode-ident",
]

[[package]]
name = "unicode-ident"
version = "1.0.12"
source = "registry+https://github.com/rust-lang/crates.io-index"
checksum = "3354b9ac3fae1ff6755cb6db53683adb661634f67557942dea4facebec0fee4b"

[[package]]
name = "winapi"
version = "0.3.9"
source = "registry+https://github.com/rust-lang/crates.io-index"
checksum = "5c839a674fcd7a98952e593242ea400abe93992746761e38641405d28b00f419"
dependencies = [
 "winapi-i686-pc-windows-gnu",
 "winapi-x86_64-pc-windows-gnu",
]

[[package]]
name = "winapi-i686-pc-windows-gnu"
version = "0.4.0"
source = "registry+https://github.com/rust-lang/crates.io-index"
checksum = "ac3b87c63620426dd9b991e5ce0329eff545bccbbb34f3be09ff6fb6ab51b7b6"

[[package]]
name = "winapi-x86_64-pc-windows-gnu"
version = "0.4.0"
source = "registry+https://github.com/rust-lang/crates.io-index"
checksum = "712e227841d057c1ee1cd2fb22fa7e5a5461ae8e48fa2ca79ec42cfc1931183f"

[[package]]
name = "yansi"
version = "0.5.1"
source = "registry+https://github.com/rust-lang/crates.io-index"
checksum = "09041cd90cf85f7f8b2df60c646f853b7f535ce68f85244eb6731cf89fa498ec"
